
Microsoft Visual Studio Solution File, Format Version 12.00
# Visual Studio Version 17
VisualStudioVersion = 17.0.31903.59
MinimumVisualStudioVersion = 10.0.40219.1
Project("{FAE04EC0-301F-11D3-BF4B-00C04F79EFBC}") = "RetailConnect", "RetailConnect.csproj", "{8F1CC3E8-5D05-4A49-8B91-8F1CC3E85D05}"
EndProject
Project("{FAE04EC0-301F-11D3-BF4B-00C04F79EFBC}") = "RetailConnectApp", "..\RetailConnectUi-main\RetailConnectApp\RetailConnectAPp.csproj", "{9F2DD4E9-6E16-5B5A-9C02-9F2DD4E96E16}"
EndProject
Global
	GlobalSection(SolutionConfigurationPlatforms) = preSolution
		Debug|Any CPU = Debug|Any CPU
		Release|Any CPU = Release|Any CPU
	EndGlobalSection
	GlobalSection(ProjectConfigurationPlatforms) = postSolution
		{8F1CC3E8-5D05-4A49-8B91-8F1CC3E85D05}.Debug|Any CPU.ActiveCfg = Debug|Any CPU
		{8F1CC3E8-5D05-4A49-8B91-8F1CC3E85D05}.Debug|Any CPU.Build.0 = Debug|Any CPU
		{8F1CC3E8-5D05-4A49-8B91-8F1CC3E85D05}.Release|Any CPU.ActiveCfg = Release|Any CPU
		{8F1CC3E8-5D05-4A49-8B91-8F1CC3E85D05}.Release|Any CPU.Build.0 = Release|Any CPU
		{9F2DD4E9-6E16-5B5A-9C02-9F2DD4E96E16}.Debug|Any CPU.ActiveCfg = Debug|Any CPU
		{9F2DD4E9-6E16-5B5A-9C02-9F2DD4E96E16}.Debug|Any CPU.Build.0 = Debug|Any CPU
		{9F2DD4E9-6E16-5B5A-9C02-9F2DD4E96E16}.Release|Any CPU.ActiveCfg = Release|Any CPU
		{9F2DD4E9-6E16-5B5A-9C02-9F2DD4E96E16}.Release|Any CPU.Build.0 = Release|Any CPU
	EndGlobalSection
EndGlobal
